<?xml version="1.0" encoding="utf-8"?>
<Project ToolsVersion="4.0" xmlns="http://schemas.microsoft.com/developer/msbuild/2003">
  <ItemGroup>
    <ClCompile Include="dllmain.cpp" />
    <ClCompile Include="pch.cpp" />
    <ClCompile Include="Hooks.cpp">
      <Filter>Files</Filter>
    </ClCompile>
    <ClCompile Include="Input.cpp">
      <Filter>Files</Filter>
    </ClCompile>
    <ClCompile Include="Keyboard.cpp">
      <Filter>Files</Filter>
    </ClCompile>
    <ClCompile Include="Logging.cpp">
      <Filter>Files</Filter>
    </ClCompile>
    <ClCompile Include="Mouse.cpp">
      <Filter>Files</Filter>
    </ClCompile>
  </ItemGroup>
  <ItemGroup>
    <ClInclude Include="pch.h" />
    <ClInclude Include="framework.h">
      <Filter>Files</Filter>
    </ClInclude>
    <ClInclude Include="Hooks.h">
      <Filter>Files</Filter>
    </ClInclude>
    <ClInclude Include="Input.h">
      <Filter>Files</Filter>
    </ClInclude>
    <ClInclude Include="InputState.h">
      <Filter>Files</Filter>
    </ClInclude>
    <ClInclude Include="Keyboard.h">
      <Filter>Files</Filter>
    </ClInclude>
    <ClInclude Include="Logging.h">
      <Filter>Files</Filter>
    </ClInclude>
    <ClInclude Include="Mouse.h">
      <Filter>Files</Filter>
    </ClInclude>
  </ItemGroup>
  <ItemGroup>
    <Filter Include="Files">
      <UniqueIdentifier>{0dd4a3a1-b51f-416a-a2fa-bdc4b1707150}</UniqueIdentifier>
    </Filter>
  </ItemGroup>
</Project>