<?xml version="1.0" encoding="utf-8"?>
<Project ToolsVersion="4.0" xmlns="http://schemas.microsoft.com/developer/msbuild/2003">
  <ItemGroup>
    <ClCompile Include="dllmain.cpp" />
    <ClCompile Include="pch.cpp" />
    <ClCompile Include="Hooks.cpp">
      <Filter>Files</Filter>
    </ClCompile>
    <ClCompile Include="Input.cpp">
      <Filter>Files</Filter>
    </ClCompile>
    <ClCompile Include="Keyboard.cpp">
      <Filter>Files</Filter>
    </ClCompile>
    <ClCompile Include="Logging.cpp">
      <Filter>Files</Filter>
    </ClCompile>
    <ClCompile Include="Mouse.cpp">
      <Filter>Files</Filter>
    </ClCompile>
    <ClCompile Include="RawInput.cpp">
      <Filter>Files\RawInput</Filter>
    </ClCompile>
    <ClCompile Include="RawInputHooks.cpp">
      <Filter>Files\RawInput</Filter>
    </ClCompile>
    <ClCompile Include="KeyboardState.cpp">
      <Filter>Files</Filter>
    </ClCompile>
    <ClCompile Include="MainThread.cpp" />
    <ClCompile Include="FakeCursor.cpp">
      <Filter>Files\Imported</Filter>
    </ClCompile>
    <ClCompile Include="CursorVisibilityHooks.cpp">
      <Filter>Files\Imported</Filter>
    </ClCompile>
    <ClCompile Include="MessageFilterHooks.cpp">
      <Filter>Files\Imported</Filter>
    </ClCompile>
    <ClCompile Include="OverlayMenu.cpp">
      <Filter>Files\Overlay</Filter>
    </ClCompile>
    <ClCompile Include="INISettings.cpp">
      <Filter>INI</Filter>
    </ClCompile>
    <ClCompile Include="HandleMainWindow.cpp">
      <Filter>Files</Filter>
    </ClCompile>
    <ClCompile Include="GamepadState.cpp">
      <Filter>Files\Gamepad</Filter>
    </ClCompile>
    <ClCompile Include="XInput_Gamepad.cpp">
      <Filter>Files\Gamepad</Filter>
    </ClCompile>
  </ItemGroup>
  <ItemGroup>
    <ClInclude Include="pch.h" />
    <ClInclude Include="framework.h">
      <Filter>Files</Filter>
    </ClInclude>
    <ClInclude Include="Hooks.h">
      <Filter>Files</Filter>
    </ClInclude>
    <ClInclude Include="Input.h">
      <Filter>Files</Filter>
    </ClInclude>
    <ClInclude Include="InputState.h">
      <Filter>Files</Filter>
    </ClInclude>
    <ClInclude Include="Keyboard.h">
      <Filter>Files</Filter>
    </ClInclude>
    <ClInclude Include="Logging.h">
      <Filter>Files</Filter>
    </ClInclude>
    <ClInclude Include="Mouse.h">
      <Filter>Files</Filter>
    </ClInclude>
    <ClInclude Include="RawInput.h">
      <Filter>Files\RawInput</Filter>
    </ClInclude>
    <ClInclude Include="RawInputHooks.h">
      <Filter>Files\RawInput</Filter>
    </ClInclude>
    <ClInclude Include="KeyboardState.h">
      <Filter>Files</Filter>
    </ClInclude>
    <ClInclude Include="MainThread.h" />
    <ClInclude Include="FakeCursor.h">
      <Filter>Files\Imported</Filter>
    </ClInclude>
    <ClInclude Include="CursorVisibilityHooks.h">
      <Filter>Files\Imported</Filter>
    </ClInclude>
    <ClInclude Include="MessageFilterBase.h">
      <Filter>Files\Imported</Filter>
    </ClInclude>
    <ClInclude Include="MessageFilterHooks.h">
      <Filter>Files\Imported</Filter>
    </ClInclude>
    <ClInclude Include="MessageFilters.h">
      <Filter>Files\Imported</Filter>
    </ClInclude>
    <ClInclude Include="ProtoMessageFilterIDs.h">
      <Filter>Files\Imported</Filter>
    </ClInclude>
    <ClInclude Include="OverlayMenu.h">
      <Filter>Files\Overlay</Filter>
    </ClInclude>
    <ClInclude Include="EnableOpenXinput.h">
      <Filter>Files</Filter>
    </ClInclude>
    <ClInclude Include="INISettings.h">
      <Filter>INI</Filter>
    </ClInclude>
    <ClInclude Include="HandleMainWindow.h">
      <Filter>Files</Filter>
    </ClInclude>
    <ClInclude Include="GamepadState.h">
      <Filter>Files\Gamepad</Filter>
    </ClInclude>
    <ClInclude Include="XInput_Gamepad.h">
      <Filter>Files\Gamepad</Filter>
    </ClInclude>
  </ItemGroup>
  <ItemGroup>
    <Filter Include="Files">
      <UniqueIdentifier>{0dd4a3a1-b51f-416a-a2fa-bdc4b1707150}</UniqueIdentifier>
    </Filter>
    <Filter Include="Files\RawInput">
      <UniqueIdentifier>{12845725-75fd-4e30-836a-14668e1dd249}</UniqueIdentifier>
    </Filter>
    <Filter Include="Documents">
      <UniqueIdentifier>{3907f1c7-1235-40d0-b7dd-4bd06f2b4232}</UniqueIdentifier>
    </Filter>
    <Filter Include="Files\Imported">
      <UniqueIdentifier>{6a7d1011-90ae-44a1-b7a0-51353c617552}</UniqueIdentifier>
    </Filter>
    <Filter Include="Files\Overlay">
      <UniqueIdentifier>{d53a98ff-d9a8-4da3-8b17-f91202dbea42}</UniqueIdentifier>
    </Filter>
    <Filter Include="INI">
      <UniqueIdentifier>{fa813b98-d3cc-463d-9154-0b2773fc3090}</UniqueIdentifier>
    </Filter>
    <Filter Include="Files\Gamepad">
      <UniqueIdentifier>{5c5b6fd9-923a-45d5-a597-a7b08d260770}</UniqueIdentifier>
    </Filter>
  </ItemGroup>
  <ItemGroup>
    <Text Include="Documents\GtoMnK_Keys.txt">
      <Filter>Documents</Filter>
    </Text>
  </ItemGroup>
  <ItemGroup>
    <None Include="Documents\GtoMnK_Config.html">
      <Filter>Documents</Filter>
    </None>
    <None Include="INI\GtoMnK.ini">
      <Filter>INI</Filter>
    </None>
  </ItemGroup>
  <ItemGroup>
    <Image Include="Documents\GtoMnK_Config.png">
      <Filter>Documents</Filter>
    </Image>
  </ItemGroup>
  <ItemGroup>
    <ResourceCompile Include="Version.rc" />
  </ItemGroup>
</Project>